
Microsoft Visual Studio Solution File, Format Version 12.00
# Visual Studio Version 16
VisualStudioVersion = 16.0.30011.22
MinimumVisualStudioVersion = 10.0.40219.1
Project("{2150E333-8FDC-42A3-9474-1A3956D46DE8}") = "src", "src", "{674FCC87-0027-4293-932C-BB0919742868}"
EndProject
Project("{9A19103F-16F7-4668-BE54-9A1E7A4F7556}") = "ExaltAccountManager.UI", "src\ExaltAccountManager.UI\ExaltAccountManager.UI.csproj", "{A63DE2D9-5E6C-479F-B647-7743ACC4F223}"
EndProject
Project("{2150E333-8FDC-42A3-9474-1A3956D46DE8}") = "_", "_", "{05FD6141-ABA6-47BB-8710-C5A1875662E2}"
	ProjectSection(SolutionItems) = preProject
		.editorconfig = .editorconfig
		README.md = README.md
	EndProjectSection
EndProject
Project("{9A19103F-16F7-4668-BE54-9A1E7A4F7556}") = "ExaltAccountManager.Core", "src\ExaltAccountManager.Core\ExaltAccountManager.Core.csproj", "{1512371E-5040-4960-8709-3CEB8B8B43AA}"
EndProject
Global
	GlobalSection(SolutionConfigurationPlatforms) = preSolution
		Debug|Any CPU = Debug|Any CPU
		Release|Any CPU = Release|Any CPU
	EndGlobalSection
	GlobalSection(ProjectConfigurationPlatforms) = postSolution
		{A63DE2D9-5E6C-479F-B647-7743ACC4F223}.Debug|Any CPU.ActiveCfg = Debug|Any CPU
		{A63DE2D9-5E6C-479F-B647-7743ACC4F223}.Debug|Any CPU.Build.0 = Debug|Any CPU
		{A63DE2D9-5E6C-479F-B647-7743ACC4F223}.Release|Any CPU.ActiveCfg = Release|Any CPU
		{A63DE2D9-5E6C-479F-B647-7743ACC4F223}.Release|Any CPU.Build.0 = Release|Any CPU
		{1512371E-5040-4960-8709-3CEB8B8B43AA}.Debug|Any CPU.ActiveCfg = Debug|Any CPU
		{1512371E-5040-4960-8709-3CEB8B8B43AA}.Debug|Any CPU.Build.0 = Debug|Any CPU
		{1512371E-5040-4960-8709-3CEB8B8B43AA}.Release|Any CPU.ActiveCfg = Release|Any CPU
		{1512371E-5040-4960-8709-3CEB8B8B43AA}.Release|Any CPU.Build.0 = Release|Any CPU
	EndGlobalSection
	GlobalSection(SolutionProperties) = preSolution
		HideSolutionNode = FALSE
	EndGlobalSection
	GlobalSection(NestedProjects) = preSolution
		{A63DE2D9-5E6C-479F-B647-7743ACC4F223} = {674FCC87-0027-4293-932C-BB0919742868}
		{1512371E-5040-4960-8709-3CEB8B8B43AA} = {674FCC87-0027-4293-932C-BB0919742868}
	EndGlobalSection
	GlobalSection(ExtensibilityGlobals) = postSolution
		SolutionGuid = {BE12F941-AD94-4D6A-8954-DCC88E988985}
	EndGlobalSection
EndGlobal
